
Microsoft Visual Studio Solution File, Format Version 11.00
# Visual Studio 2010
Project("{FAE04EC0-301F-11D3-BF4B-00C04F79EFBC}") = "AHC525 Configuration Tool", "AHC525 Configuration Tool.csproj", "{0C95A3E3-C7E0-483D-9FF9-BA7CB80068F4}"
EndProject
Global
	GlobalSection(SolutionConfigurationPlatforms) = preSolution
		Debug|Any CPU = Debug|Any CPU
		Release|Any CPU = Release|Any CPU
	EndGlobalSection
	GlobalSection(ProjectConfigurationPlatforms) = postSolution
		{0C95A3E3-C7E0-483D-9FF9-BA7CB80068F4}.Debug|Any CPU.ActiveCfg = Debug|Any CPU
		{0C95A3E3-C7E0-483D-9FF9-BA7CB80068F4}.Debug|Any CPU.Build.0 = Debug|Any CPU
		{0C95A3E3-C7E0-483D-9FF9-BA7CB80068F4}.Release|Any CPU.ActiveCfg = Release|Any CPU
		{0C95A3E3-C7E0-483D-9FF9-BA7CB80068F4}.Release|Any CPU.Build.0 = Release|Any CPU
	EndGlobalSection
	GlobalSection(SolutionProperties) = preSolution
		HideSolutionNode = FALSE
	EndGlobalSection
EndGlobal
